
Microsoft Visual Studio Solution File, Format Version 12.00
# Visual Studio Version 17
VisualStudioVersion = 17.7.34302.85
MinimumVisualStudioVersion = 10.0.40219.1
Project("{FAE04EC0-301F-11D3-BF4B-00C04F79EFBC}") = "ConsoleBlocoUsing", "ConsoleBlocoUsing\ConsoleBlocoUsing.csproj", "{793099F6-88F3-4E72-917C-75394EC2F785}"
EndProject
Global
	GlobalSection(SolutionConfigurationPlatforms) = preSolution
		Debug|Any CPU = Debug|Any CPU
		Release|Any CPU = Release|Any CPU
	EndGlobalSection
	GlobalSection(ProjectConfigurationPlatforms) = postSolution
		{793099F6-88F3-4E72-917C-75394EC2F785}.Debug|Any CPU.ActiveCfg = Debug|Any CPU
		{793099F6-88F3-4E72-917C-75394EC2F785}.Debug|Any CPU.Build.0 = Debug|Any CPU
		{793099F6-88F3-4E72-917C-75394EC2F785}.Release|Any CPU.ActiveCfg = Release|Any CPU
		{793099F6-88F3-4E72-917C-75394EC2F785}.Release|Any CPU.Build.0 = Release|Any CPU
	EndGlobalSection
	GlobalSection(SolutionProperties) = preSolution
		HideSolutionNode = FALSE
	EndGlobalSection
	GlobalSection(ExtensibilityGlobals) = postSolution
		SolutionGuid = {60801FB1-61FD-4613-97FE-B5CB0CB91D44}
	EndGlobalSection
EndGlobal
