
Microsoft Visual Studio Solution File, Format Version 12.00
# Visual Studio Version 17
VisualStudioVersion = 17.7.34221.43
MinimumVisualStudioVersion = 10.0.40219.1
Project("{FAE04EC0-301F-11D3-BF4B-00C04F79EFBC}") = "ConsoleStringBuilder", "ConsoleStringBuilder\ConsoleStringBuilder.csproj", "{413AE0A4-1B1C-4CA8-9CAF-F871DA3D5210}"
EndProject
Global
	GlobalSection(SolutionConfigurationPlatforms) = preSolution
		Debug|Any CPU = Debug|Any CPU
		Release|Any CPU = Release|Any CPU
	EndGlobalSection
	GlobalSection(ProjectConfigurationPlatforms) = postSolution
		{413AE0A4-1B1C-4CA8-9CAF-F871DA3D5210}.Debug|Any CPU.ActiveCfg = Debug|Any CPU
		{413AE0A4-1B1C-4CA8-9CAF-F871DA3D5210}.Debug|Any CPU.Build.0 = Debug|Any CPU
		{413AE0A4-1B1C-4CA8-9CAF-F871DA3D5210}.Release|Any CPU.ActiveCfg = Release|Any CPU
		{413AE0A4-1B1C-4CA8-9CAF-F871DA3D5210}.Release|Any CPU.Build.0 = Release|Any CPU
	EndGlobalSection
	GlobalSection(SolutionProperties) = preSolution
		HideSolutionNode = FALSE
	EndGlobalSection
	GlobalSection(ExtensibilityGlobals) = postSolution
		SolutionGuid = {19037A97-3852-4940-B9D6-2E33F8BEACC8}
	EndGlobalSection
EndGlobal
