
Microsoft Visual Studio Solution File, Format Version 12.00
# Visual Studio Version 17
VisualStudioVersion = 17.7.34302.85
MinimumVisualStudioVersion = 10.0.40219.1
Project("{FAE04EC0-301F-11D3-BF4B-00C04F79EFBC}") = "Demo", "Demo\Demo.csproj", "{03BEFB9A-C4B5-4A79-8BA1-5DCD058CC7D0}"
EndProject
Global
	GlobalSection(SolutionConfigurationPlatforms) = preSolution
		Debug|Any CPU = Debug|Any CPU
		Release|Any CPU = Release|Any CPU
	EndGlobalSection
	GlobalSection(ProjectConfigurationPlatforms) = postSolution
		{03BEFB9A-C4B5-4A79-8BA1-5DCD058CC7D0}.Debug|Any CPU.ActiveCfg = Debug|Any CPU
		{03BEFB9A-C4B5-4A79-8BA1-5DCD058CC7D0}.Debug|Any CPU.Build.0 = Debug|Any CPU
		{03BEFB9A-C4B5-4A79-8BA1-5DCD058CC7D0}.Release|Any CPU.ActiveCfg = Release|Any CPU
		{03BEFB9A-C4B5-4A79-8BA1-5DCD058CC7D0}.Release|Any CPU.Build.0 = Release|Any CPU
	EndGlobalSection
	GlobalSection(SolutionProperties) = preSolution
		HideSolutionNode = FALSE
	EndGlobalSection
	GlobalSection(ExtensibilityGlobals) = postSolution
		SolutionGuid = {FC563FCE-4C05-41F6-A8A6-983D3DF7007C}
	EndGlobalSection
EndGlobal
