
Microsoft Visual Studio Solution File, Format Version 12.00
# Visual Studio Version 17
VisualStudioVersion = 17.7.34302.85
MinimumVisualStudioVersion = 10.0.40219.1
Project("{FAE04EC0-301F-11D3-BF4B-00C04F79EFBC}") = "Exemple", "Exemple\Exemple.csproj", "{713FC2D0-17C4-45F1-9F56-3BA24E67518A}"
EndProject
Global
	GlobalSection(SolutionConfigurationPlatforms) = preSolution
		Debug|Any CPU = Debug|Any CPU
		Release|Any CPU = Release|Any CPU
	EndGlobalSection
	GlobalSection(ProjectConfigurationPlatforms) = postSolution
		{713FC2D0-17C4-45F1-9F56-3BA24E67518A}.Debug|Any CPU.ActiveCfg = Debug|Any CPU
		{713FC2D0-17C4-45F1-9F56-3BA24E67518A}.Debug|Any CPU.Build.0 = Debug|Any CPU
		{713FC2D0-17C4-45F1-9F56-3BA24E67518A}.Release|Any CPU.ActiveCfg = Release|Any CPU
		{713FC2D0-17C4-45F1-9F56-3BA24E67518A}.Release|Any CPU.Build.0 = Release|Any CPU
	EndGlobalSection
	GlobalSection(SolutionProperties) = preSolution
		HideSolutionNode = FALSE
	EndGlobalSection
	GlobalSection(ExtensibilityGlobals) = postSolution
		SolutionGuid = {D32EA888-B0F1-41BC-AF00-C2BDB333D1FF}
	EndGlobalSection
EndGlobal
