
Microsoft Visual Studio Solution File, Format Version 12.00
# Visual Studio Version 17
VisualStudioVersion = 17.7.34302.85
MinimumVisualStudioVersion = 10.0.40219.1
Project("{FAE04EC0-301F-11D3-BF4B-00C04F79EFBC}") = "Exercicio", "Exercicio\Exercicio.csproj", "{C657F8F0-390D-4551-9FEB-FB0857D7E7F0}"
EndProject
Global
	GlobalSection(SolutionConfigurationPlatforms) = preSolution
		Debug|Any CPU = Debug|Any CPU
		Release|Any CPU = Release|Any CPU
	EndGlobalSection
	GlobalSection(ProjectConfigurationPlatforms) = postSolution
		{C657F8F0-390D-4551-9FEB-FB0857D7E7F0}.Debug|Any CPU.ActiveCfg = Debug|Any CPU
		{C657F8F0-390D-4551-9FEB-FB0857D7E7F0}.Debug|Any CPU.Build.0 = Debug|Any CPU
		{C657F8F0-390D-4551-9FEB-FB0857D7E7F0}.Release|Any CPU.ActiveCfg = Release|Any CPU
		{C657F8F0-390D-4551-9FEB-FB0857D7E7F0}.Release|Any CPU.Build.0 = Release|Any CPU
	EndGlobalSection
	GlobalSection(SolutionProperties) = preSolution
		HideSolutionNode = FALSE
	EndGlobalSection
	GlobalSection(ExtensibilityGlobals) = postSolution
		SolutionGuid = {28D88BD9-F27C-4D13-A724-C43CB6BB88D1}
	EndGlobalSection
EndGlobal
