
Microsoft Visual Studio Solution File, Format Version 12.00
# Visual Studio Version 17
VisualStudioVersion = 17.7.34221.43
MinimumVisualStudioVersion = 10.0.40219.1
Project("{FAE04EC0-301F-11D3-BF4B-00C04F79EFBC}") = "ConsoleAppStock", "ConsoleAppStock\ConsoleAppStock.csproj", "{E69D3871-C7CE-41AF-AC3B-9D1456987B7F}"
EndProject
Global
	GlobalSection(SolutionConfigurationPlatforms) = preSolution
		Debug|Any CPU = Debug|Any CPU
		Release|Any CPU = Release|Any CPU
	EndGlobalSection
	GlobalSection(ProjectConfigurationPlatforms) = postSolution
		{E69D3871-C7CE-41AF-AC3B-9D1456987B7F}.Debug|Any CPU.ActiveCfg = Debug|Any CPU
		{E69D3871-C7CE-41AF-AC3B-9D1456987B7F}.Debug|Any CPU.Build.0 = Debug|Any CPU
		{E69D3871-C7CE-41AF-AC3B-9D1456987B7F}.Release|Any CPU.ActiveCfg = Release|Any CPU
		{E69D3871-C7CE-41AF-AC3B-9D1456987B7F}.Release|Any CPU.Build.0 = Release|Any CPU
	EndGlobalSection
	GlobalSection(SolutionProperties) = preSolution
		HideSolutionNode = FALSE
	EndGlobalSection
	GlobalSection(ExtensibilityGlobals) = postSolution
		SolutionGuid = {5F5262E7-1917-4A62-9C61-F426C01B0C83}
	EndGlobalSection
EndGlobal
